
Microsoft Visual Studio Solution File, Format Version 12.00
# Visual Studio Version 16
VisualStudioVersion = 16.0.33027.164
MinimumVisualStudioVersion = 10.0.40219.1
Project("{9A19103F-16F7-4668-BE54-9A1E7A4F7556}") = "RESTWithDonetCore_Calculator", "RESTWithDonetCore_Calculator.csproj", "{18D8A280-AC55-4729-B493-DA22EBC5762E}"
EndProject
Global
	GlobalSection(SolutionConfigurationPlatforms) = preSolution
		Debug|Any CPU = Debug|Any CPU
		Release|Any CPU = Release|Any CPU
	EndGlobalSection
	GlobalSection(ProjectConfigurationPlatforms) = postSolution
		{18D8A280-AC55-4729-B493-DA22EBC5762E}.Debug|Any CPU.ActiveCfg = Debug|Any CPU
		{18D8A280-AC55-4729-B493-DA22EBC5762E}.Debug|Any CPU.Build.0 = Debug|Any CPU
		{18D8A280-AC55-4729-B493-DA22EBC5762E}.Release|Any CPU.ActiveCfg = Release|Any CPU
		{18D8A280-AC55-4729-B493-DA22EBC5762E}.Release|Any CPU.Build.0 = Release|Any CPU
	EndGlobalSection
	GlobalSection(SolutionProperties) = preSolution
		HideSolutionNode = FALSE
	EndGlobalSection
	GlobalSection(ExtensibilityGlobals) = postSolution
		SolutionGuid = {B59E92EE-31F6-4E27-80AF-30EE5A0CEC13}
	EndGlobalSection
EndGlobal
